lockfileVersion: '9.0'

settings:
  autoInstallPeers: true
  excludeLinksFromLockfile: false

importers:

  .:
    dependencies:
      '@xmtp/node-sdk':
        specifier: ^1.0.1
        version: 1.0.1

packages:

  '@fastify/busboy@2.1.1':
    resolution: {integrity: sha512-vBZP4NlzfOlerQTnba4aqZoMhE/a9HY7HRqoOPaETQcSQuWEIyZMHGfVu6w9wGtGK5fED5qRs2DteVCjOH60sA==}
    engines: {node: '>=14'}

  '@protobufjs/aspromise@1.1.2':
    resolution: {integrity: sha512-j+gKExEuLmKwvz3OgROXtrJ2UG2x8Ch2YZUxahh+s1F2HZ+wAceUNLkvy6zKCPVRkU++ZWQrdxsUeQXmcg4uoQ==}

  '@protobufjs/base64@1.1.2':
    resolution: {integrity: sha512-AZkcAA5vnN/v4PDqKyMR5lx7hZttPDgClv83E//FMNhR2TMcLUhfRUBHCmSl0oi9zMgDDqRUJkSxO3wm85+XLg==}

  '@protobufjs/codegen@2.0.4':
    resolution: {integrity: sha512-YyFaikqM5sH0ziFZCN3xDC7zeGaB/d0IUb9CATugHWbd1FRFwWwt4ld4OYMPWu5a3Xe01mGAULCdqhMlPl29Jg==}

  '@protobufjs/eventemitter@1.1.0':
    resolution: {integrity: sha512-j9ednRT81vYJ9OfVuXG6ERSTdEL1xVsNgqpkxMsbIabzSo3goCjDIveeGv5d03om39ML71RdmrGNjG5SReBP/Q==}

  '@protobufjs/fetch@1.1.0':
    resolution: {integrity: sha512-lljVXpqXebpsijW71PZaCYeIcE5on1w5DlQy5WH6GLbFryLUrBD4932W/E2BSpfRJWseIL4v/KPgBFxDOIdKpQ==}

  '@protobufjs/float@1.0.2':
    resolution: {integrity: sha512-Ddb+kVXlXst9d+R9PfTIxh1EdNkgoRe5tOX6t01f1lYWOvJnSPDBlG241QLzcyPdoNTsblLUdujGSE4RzrTZGQ==}

  '@protobufjs/inquire@1.1.0':
    resolution: {integrity: sha512-kdSefcPdruJiFMVSbn801t4vFK7KB/5gd2fYvrxhuJYg8ILrmn9SKSX2tZdV6V+ksulWqS7aXjBcRXl3wHoD9Q==}

  '@protobufjs/path@1.1.2':
    resolution: {integrity: sha512-6JOcJ5Tm08dOHAbdR3GrvP+yUUfkjG5ePsHYczMFLq3ZmMkAD98cDgcT2iA1lJ9NVwFd4tH/iSSoe44YWkltEA==}

  '@protobufjs/pool@1.1.0':
    resolution: {integrity: sha512-0kELaGSIDBKvcgS4zkjz1PeddatrjYcmMWOlAuAPwAeccUrPHdUqo/J6LiymHHEiJT5NrF1UVwxY14f+fy4WQw==}

  '@protobufjs/utf8@1.1.0':
    resolution: {integrity: sha512-Vvn3zZrhQZkkBE8LSuW3em98c0FwgO4nxzv6OdSxPKJIEKY2bGbHn+mhGIPerzI4twdxaP8/0+06HBpwf345Lw==}

  '@types/node@22.13.10':
    resolution: {integrity: sha512-I6LPUvlRH+O6VRUqYOcMudhaIdUVWfsjnZavnsraHvpBwaEyMN29ry+0UVJhImYL16xsscu0aske3yA+uPOWfw==}

  '@xmtp/content-type-group-updated@2.0.1':
    resolution: {integrity: sha512-ao546DrxANHAqEZxMMHm41G/sE9vtAcNCrVGaOf1x5CIMAmXmH/lTvy6JVWnNn+DeJmNr6DrkMVVfAjP95OqLA==}

  '@xmtp/content-type-primitives@2.0.1':
    resolution: {integrity: sha512-RfRwIVU2Pj2kgYxKnM+N1t1yzvt8C9lTEgma3vGqMjmh/yR3s4bGj8BhE0m8k2JCyCd0c5lQANeeaASOL1lsWQ==}

  '@xmtp/content-type-text@2.0.1':
    resolution: {integrity: sha512-cX3Swxx90O1lYi0OC+ENwPfuV/b508V7h1ZNVxt828fmpwc0LL51KZG/PREVTxwk/yiTt2f6OQqnqkC4AbL8Rg==}

  '@xmtp/node-bindings@1.0.0':
    resolution: {integrity: sha512-9LHb5A3+uFWO7JL93vfZHLUJh4SSlvoGuXtvv6IP2T+W+rHOh6MFB0DQyP4RNvtSk7F07Re/yWLC5UhU+dX7OA==}
    engines: {node: '>=18'}

  '@xmtp/node-sdk@1.0.1':
    resolution: {integrity: sha512-7uUE2TYb6bvh2Dr5XXGfChi73di/u25Oa15XttaPD3bqI4Tc3N56dMtzMcghU8vVir1Bb5HlTtqmF7kHIGJvtg==}
    engines: {node: '>=20'}

  '@xmtp/proto@3.78.0':
    resolution: {integrity: sha512-JHkkvbdyqpWo1YOg88uOrc2GAsPnfXhIWaUKyIjXQdt4LltR4iAMgXcr1CFN+xjUmOBkAwwJ2JywUYv/uA4yZA==}

  long@5.3.1:
    resolution: {integrity: sha512-ka87Jz3gcx/I7Hal94xaN2tZEOPoUOEVftkQqZx2EeQRN7LGdfLlI3FvZ+7WDplm+vK2Urx9ULrvSowtdCieng==}

  protobufjs@7.4.0:
    resolution: {integrity: sha512-mRUWCc3KUU4w1jU8sGxICXH/gNS94DvI1gxqDvBzhj1JpcsimQkYiOJfwsPUykUI5ZaspFbSgmBLER8IrQ3tqw==}
    engines: {node: '>=12.0.0'}

  rxjs@7.8.2:
    resolution: {integrity: sha512-dhKf903U/PQZY6boNNtAGdWbG85WAbjT/1xYoZIC7FAY0yWapOBQVsVrDl58W86//e1VpMNBtRV4MaXfdMySFA==}

  tslib@2.8.1:
    resolution: {integrity: sha512-oJFu94HQb+KVduSUQL7wnpmqnfmLsOA/nAh6b6EH0wCEoK0/mPeXU6c3wKDV83MkOuHPRHtSXKKU99IBazS/2w==}

  undici-types@6.20.0:
    resolution: {integrity: sha512-Ny6QZ2Nju20vw1SRHe3d9jVu6gJ+4e3+MMpqu7pqE5HT6WsTSlce++GQmK5UXS8mzV8DSYHrQH+Xrf2jVcuKNg==}

  undici@5.29.0:
    resolution: {integrity: sha512-raqeBD6NQK4SkWhQzeYKd1KmIG6dllBOTt55Rmkt4HtI9mwdWtJljnrXjAFUBLTSN67HWrOIZ3EPF4kjUw80Bg==}
    engines: {node: '>=14.0'}

snapshots:

  '@fastify/busboy@2.1.1': {}

  '@protobufjs/aspromise@1.1.2': {}

  '@protobufjs/base64@1.1.2': {}

  '@protobufjs/codegen@2.0.4': {}

  '@protobufjs/eventemitter@1.1.0': {}

  '@protobufjs/fetch@1.1.0':
    dependencies:
      '@protobufjs/aspromise': 1.1.2
      '@protobufjs/inquire': 1.1.0

  '@protobufjs/float@1.0.2': {}

  '@protobufjs/inquire@1.1.0': {}

  '@protobufjs/path@1.1.2': {}

  '@protobufjs/pool@1.1.0': {}

  '@protobufjs/utf8@1.1.0': {}

  '@types/node@22.13.10':
    dependencies:
      undici-types: 6.20.0

  '@xmtp/content-type-group-updated@2.0.1':
    dependencies:
      '@xmtp/content-type-primitives': 2.0.1
      '@xmtp/proto': 3.78.0

  '@xmtp/content-type-primitives@2.0.1':
    dependencies:
      '@xmtp/proto': 3.78.0

  '@xmtp/content-type-text@2.0.1':
    dependencies:
      '@xmtp/content-type-primitives': 2.0.1

  '@xmtp/node-bindings@1.0.0': {}

  '@xmtp/node-sdk@1.0.1':
    dependencies:
      '@xmtp/content-type-group-updated': 2.0.1
      '@xmtp/content-type-primitives': 2.0.1
      '@xmtp/content-type-text': 2.0.1
      '@xmtp/node-bindings': 1.0.0
      '@xmtp/proto': 3.78.0

  '@xmtp/proto@3.78.0':
    dependencies:
      long: 5.3.1
      protobufjs: 7.4.0
      rxjs: 7.8.2
      undici: 5.29.0

  long@5.3.1: {}

  protobufjs@7.4.0:
    dependencies:
      '@protobufjs/aspromise': 1.1.2
      '@protobufjs/base64': 1.1.2
      '@protobufjs/codegen': 2.0.4
      '@protobufjs/eventemitter': 1.1.0
      '@protobufjs/fetch': 1.1.0
      '@protobufjs/float': 1.0.2
      '@protobufjs/inquire': 1.1.0
      '@protobufjs/path': 1.1.2
      '@protobufjs/pool': 1.1.0
      '@protobufjs/utf8': 1.1.0
      '@types/node': 22.13.10
      long: 5.3.1

  rxjs@7.8.2:
    dependencies:
      tslib: 2.8.1

  tslib@2.8.1: {}

  undici-types@6.20.0: {}

  undici@5.29.0:
    dependencies:
      '@fastify/busboy': 2.1.1
